PODS:
  - Masonry (1.1.0)
  - MBProgressHUD (1.2.0)

DEPENDENCIES:
  - Masonry
  - MBProgressHUD

SPEC REPOS:
  trunk:
    - Masonry
    - MBProgressHUD

SPEC CHECKSUMS:
  Masonry: 678fab65091a9290e40e2832a55e7ab731aad201
  MBProgressHUD: 3ee5efcc380f6a79a7cc9b363dd669c5e1ae7406

PODFILE CHECKSUM: 5272ed860a03eb5afb5e1e1867e8df422dd9e796

COCOAPODS: 1.8.4
